
Microsoft Visual Studio Solution File, Format Version 12.00
# Visual Studio 15
VisualStudioVersion = 15.0.27130.2027
MinimumVisualStudioVersion = 10.0.40219.1
Project("{9A19103F-16F7-4668-BE54-9A1E7A4F7556}") = "DustDevilLauncher.Desktop", "DustDevilLauncher\DustDevilLauncher.Desktop\DustDevilLauncher.Desktop.csproj", "{9566350E-3E84-4C7D-8BAD-A9AA39094B40}"
EndProject
Project("{9A19103F-16F7-4668-BE54-9A1E7A4F7556}") = "DustDevilLauncher", "DustDevilLauncher\DustDevilLauncher\DustDevilLauncher.csproj", "{C0969D22-E776-423F-ACE7-FB28F454814E}"
EndProject
Global
	GlobalSection(SolutionConfigurationPlatforms) = preSolution
		Debug|Any CPU = Debug|Any CPU
		Release|Any CPU = Release|Any CPU
	EndGlobalSection
	GlobalSection(ProjectConfigurationPlatforms) = postSolution
		{9566350E-3E84-4C7D-8BAD-A9AA39094B40}.Debug|Any CPU.ActiveCfg = Debug|Any CPU
		{9566350E-3E84-4C7D-8BAD-A9AA39094B40}.Debug|Any CPU.Build.0 = Debug|Any CPU
		{9566350E-3E84-4C7D-8BAD-A9AA39094B40}.Release|Any CPU.ActiveCfg = Release|Any CPU
		{9566350E-3E84-4C7D-8BAD-A9AA39094B40}.Release|Any CPU.Build.0 = Release|Any CPU
		{C0969D22-E776-423F-ACE7-FB28F454814E}.Debug|Any CPU.ActiveCfg = Debug|Any CPU
		{C0969D22-E776-423F-ACE7-FB28F454814E}.Debug|Any CPU.Build.0 = Debug|Any CPU
		{C0969D22-E776-423F-ACE7-FB28F454814E}.Release|Any CPU.ActiveCfg = Release|Any CPU
		{C0969D22-E776-423F-ACE7-FB28F454814E}.Release|Any CPU.Build.0 = Release|Any CPU
	EndGlobalSection
	GlobalSection(SolutionProperties) = preSolution
		HideSolutionNode = FALSE
	EndGlobalSection
	GlobalSection(ExtensibilityGlobals) = postSolution
		SolutionGuid = {F4668D3C-3086-4BA3-8045-C436A11CFA74}
	EndGlobalSection
EndGlobal
